
Microsoft Visual Studio Solution File, Format Version 12.00
# Visual Studio Version 16
VisualStudioVersion = 16.0.31205.176
MinimumVisualStudioVersion = 10.0.40219.1
Project("{FAE04EC0-301F-11D3-BF4B-00C04F79EFBC}") = "TestProjectWithVeracode", "TestProjectWithVeracode\TestProjectWithVeracode.csproj", "{7A0CFAC7-AEAF-4BE8-A7F1-D5378E4FCA0A}"
EndProject
Global
	GlobalSection(SolutionConfigurationPlatforms) = preSolution
		Debug|Any CPU = Debug|Any CPU
		Release|Any CPU = Release|Any CPU
	EndGlobalSection
	GlobalSection(ProjectConfigurationPlatforms) = postSolution
		{7A0CFAC7-AEAF-4BE8-A7F1-D5378E4FCA0A}.Debug|Any CPU.ActiveCfg = Debug|Any CPU
		{7A0CFAC7-AEAF-4BE8-A7F1-D5378E4FCA0A}.Debug|Any CPU.Build.0 = Debug|Any CPU
		{7A0CFAC7-AEAF-4BE8-A7F1-D5378E4FCA0A}.Release|Any CPU.ActiveCfg = Release|Any CPU
		{7A0CFAC7-AEAF-4BE8-A7F1-D5378E4FCA0A}.Release|Any CPU.Build.0 = Release|Any CPU
	EndGlobalSection
	GlobalSection(SolutionProperties) = preSolution
		HideSolutionNode = FALSE
	EndGlobalSection
	GlobalSection(ExtensibilityGlobals) = postSolution
		SolutionGuid = {6FCEB0F9-F5D1-4297-93E6-C7004EE74F56}
	EndGlobalSection
EndGlobal
